// !$*UTF8*$!
{
	archiveVersion = 1;
	classes = {
	};
	objectVersion = 48;
	objects = {

/* Begin PBXBuildFile section */
		0EE605C41FDC9C5A007E54E0 /* AppDelegate.swift in Sources */ = {isa = PBXBuildFile; fileRef = 0EE605C31FDC9C5A007E54E0 /* AppDelegate.swift */; };
		0EE605C61FDC9C5A007E54E0 /* MainVC.swift in Sources */ = {isa = PBXBuildFile; fileRef = 0EE605C51FDC9C5A007E54E0 /* MainVC.swift */; };
		0EE605C91FDC9C5A007E54E0 /* Main.storyboard in Resources */ = {isa = PBXBuildFile; fileRef = 0EE605C71FDC9C5A007E54E0 /* Main.storyboard */; };
		0EE605CB1FDC9C5A007E54E0 /* Assets.xcassets in Resources */ = {isa = PBXBuildFile; fileRef = 0EE605CA1FDC9C5A007E54E0 /* Assets.xcassets */; };
		0EE605CE1FDC9C5A007E54E0 /* LaunchScreen.storyboard in Resources */ = {isa = PBXBuildFile; fileRef = 0EE605CC1FDC9C5A007E54E0 /* LaunchScreen.storyboard */; };
		0EE605DE1FDC9DBD007E54E0 /* pokemon.csv in Resources */ = {isa = PBXBuildFile; fileRef = 0EE605DD1FDC9DBD007E54E0 /* pokemon.csv */; };
/* End PBXBuildFile section */

/* Begin PBXFileReference section */
		0EE605C01FDC9C5A007E54E0 /* Pokedex.app */ = {isa = PBXFileReference; explicitFileType = wrapper.application; includeInIndex = 0; path = Pokedex.app; sourceTree = BUILT_PRODUCTS_DIR; };
		0EE605C31FDC9C5A007E54E0 /* AppDelegate.swift */ = {isa = PBXFileReference; lastKnownFileType = sourcecode.swift; path = AppDelegate.swift; sourceTree = "<group>"; };
		0EE605C51FDC9C5A007E54E0 /* MainVC.swift */ = {isa = PBXFileReference; lastKnownFileType = sourcecode.swift; path = MainVC.swift; sourceTree = "<group>"; };
		0EE605C81FDC9C5A007E54E0 /* Base */ = {isa = PBXFileReference; lastKnownFileType = file.storyboard; name = Base; path = Base.lproj/Main.storyboard; sourceTree = "<group>"; };
		0EE605CA1FDC9C5A007E54E0 /* Assets.xcassets */ = {isa = PBXFileReference; lastKnownFileType = folder.assetcatalog; path = Assets.xcassets; sourceTree = "<group>"; };
		0EE605CD1FDC9C5A007E54E0 /* Base */ = {isa = PBXFileReference; lastKnownFileType = file.storyboard; name = Base; path = Base.lproj/LaunchScreen.storyboard; sourceTree = "<group>"; };
		0EE605CF1FDC9C5A007E54E0 /* Info.plist */ = {isa = PBXFileReference; lastKnownFileType = text.plist.xml; path = Info.plist; sourceTree = "<group>"; };
		0EE605DD1FDC9DBD007E54E0 /* pokemon.csv */ = {isa = PBXFileReference; fileEncoding = 4; lastKnownFileType = text; path = pokemon.csv; sourceTree = "<group>"; };
/* End PBXFileReference section */

/* Begin PBXFrameworksBuildPhase section */
		0EE605BD1FDC9C5A007E54E0 /* Frameworks */ = {
			isa = PBXFrameworksBuildPhase;
			buildActionMask = 2147483647;
			files = (
			);
			runOnlyForDeploymentPostprocessing = 0;
		};
/* End PBXFrameworksBuildPhase section */

/* Begin PBXGroup section */
		0EE605B71FDC9C5A007E54E0 = {
			isa = PBXGroup;
			children = (
				0EE605C21FDC9C5A007E54E0 /* Pokedex */,
				0EE605C11FDC9C5A007E54E0 /* Products */,
			);
			sourceTree = "<group>";
		};
		0EE605C11FDC9C5A007E54E0 /* Products */ = {
			isa = PBXGroup;
			children = (
				0EE605C01FDC9C5A007E54E0 /* Pokedex.app */,
			);
			name = Products;
			sourceTree = "<group>";
		};
		0EE605C21FDC9C5A007E54E0 /* Pokedex */ = {
			isa = PBXGroup;
			children = (
				0EE605D71FDC9D21007E54E0 /* Model */,
				0EE605D61FDC9D1C007E54E0 /* View */,
				0EE605D51FDC9D10007E54E0 /* Controller */,
				0EE605DA1FDC9D39007E54E0 /* Utilities */,
				0EE605D91FDC9D32007E54E0 /* Supporting Files */,
				0EE605D81FDC9D2A007E54E0 /* Resources */,
				0EE605CF1FDC9C5A007E54E0 /* Info.plist */,
			);
			path = Pokedex;
			sourceTree = "<group>";
		};
		0EE605D51FDC9D10007E54E0 /* Controller */ = {
			isa = PBXGroup;
			children = (
				0EE605C51FDC9C5A007E54E0 /* MainVC.swift */,
			);
			path = Controller;
			sourceTree = "<group>";
		};
		0EE605D61FDC9D1C007E54E0 /* View */ = {
			isa = PBXGroup;
			children = (
				0EE605C71FDC9C5A007E54E0 /* Main.storyboard */,
			);
			path = View;
			sourceTree = "<group>";
		};
		0EE605D71FDC9D21007E54E0 /* Model */ = {
			isa = PBXGroup;
			children = (
			);
			path = Model;
			sourceTree = "<group>";
		};
		0EE605D81FDC9D2A007E54E0 /* Resources */ = {
			isa = PBXGroup;
			children = (
				0EE605DD1FDC9DBD007E54E0 /* pokemon.csv */,
			);
			path = Resources;
			sourceTree = "<group>";
		};
		0EE605D91FDC9D32007E54E0 /* Supporting Files */ = {
			isa = PBXGroup;
			children = (
				0EE605CC1FDC9C5A007E54E0 /* LaunchScreen.storyboard */,
				0EE605C31FDC9C5A007E54E0 /* AppDelegate.swift */,
				0EE605CA1FDC9C5A007E54E0 /* Assets.xcassets */,
			);
			path = "Supporting Files";
			sourceTree = "<group>";
		};
		0EE605DA1FDC9D39007E54E0 /* Utilities */ = {
			isa = PBXGroup;
			children = (
			);
			path = Utilities;
			sourceTree = "<group>";
		};
/* End PBXGroup section */

/* Begin PBXNativeTarget section */
		0EE605BF1FDC9C5A007E54E0 /* Pokedex */ = {
			isa = PBXNativeTarget;
			buildConfigurationList = 0EE605D21FDC9C5A007E54E0 /* Build configuration list for PBXNativeTarget "Pokedex" */;
			buildPhases = (
				0EE605BC1FDC9C5A007E54E0 /* Sources */,
				0EE605BD1FDC9C5A007E54E0 /* Frameworks */,
				0EE605BE1FDC9C5A007E54E0 /* Resources */,
			);
			buildRules = (
			);
			dependencies = (
			);
			name = Pokedex;
			productName = Pokedex;
			productReference = 0EE605C01FDC9C5A007E54E0 /* Pokedex.app */;
			productType = "com.apple.product-type.application";
		};
/* End PBXNativeTarget section */

/* Begin PBXProject section */
		0EE605B81FDC9C5A007E54E0 /* Project object */ = {
			isa = PBXProject;
			attributes = {
				LastSwiftUpdateCheck = 0920;
				LastUpgradeCheck = 0920;
				ORGANIZATIONNAME = "Shravan Chopra";
				TargetAttributes = {
					0EE605BF1FDC9C5A007E54E0 = {
						CreatedOnToolsVersion = 9.2;
						ProvisioningStyle = Automatic;
					};
				};
			};
			buildConfigurationList = 0EE605BB1FDC9C5A007E54E0 /* Build configuration list for PBXProject "Pokedex" */;
			compatibilityVersion = "Xcode 8.0";
			developmentRegion = en;
			hasScannedForEncodings = 0;
			knownRegions = (
				en,
				Base,
			);
			mainGroup = 0EE605B71FDC9C5A007E54E0;
			productRefGroup = 0EE605C11FDC9C5A007E54E0 /* Products */;
			projectDirPath = "";
			projectRoot = "";
			targets = (
				0EE605BF1FDC9C5A007E54E0 /* Pokedex */,
			);
		};
/* End PBXProject section */

/* Begin PBXResourcesBuildPhase section */
		0EE605BE1FDC9C5A007E54E0 /* Resources */ = {
			isa = PBXResourcesBuildPhase;
			buildActionMask = 2147483647;
			files = (
				0EE605CE1FDC9C5A007E54E0 /* LaunchScreen.storyboard in Resources */,
				0EE605CB1FDC9C5A007E54E0 /* Assets.xcassets in Resources */,
				0EE605DE1FDC9DBD007E54E0 /* pokemon.csv in Resources */,
				0EE605C91FDC9C5A007E54E0 /* Main.storyboard in Resources */,
			);
			runOnlyForDeploymentPostprocessing = 0;
		};
/* End PBXResourcesBuildPhase section */

/* Begin PBXSourcesBuildPhase section */
		0EE605BC1FDC9C5A007E54E0 /* Sources */ = {
			isa = PBXSourcesBuildPhase;
			buildActionMask = 2147483647;
			files = (
				0EE605C61FDC9C5A007E54E0 /* MainVC.swift in Sources */,
				0EE605C41FDC9C5A007E54E0 /* AppDelegate.swift in Sources */,
			);
			runOnlyForDeploymentPostprocessing = 0;
		};
/* End PBXSourcesBuildPhase section */

/* Begin PBXVariantGroup section */
		0EE605C71FDC9C5A007E54E0 /* Main.storyboard */ = {
			isa = PBXVariantGroup;
			children = (
				0EE605C81FDC9C5A007E54E0 /* Base */,
			);
			name = Main.storyboard;
			sourceTree = "<group>";
		};
		0EE605CC1FDC9C5A007E54E0 /* LaunchScreen.storyboard */ = {
			isa = PBXVariantGroup;
			children = (
				0EE605CD1FDC9C5A007E54E0 /* Base */,
			);
			name = LaunchScreen.storyboard;
			sourceTree = "<group>";
		};
/* End PBXVariantGroup section */

/* Begin XCBuildConfiguration section */
		0EE605D01FDC9C5A007E54E0 /* Debug */ = {
			isa = XCBuildConfiguration;
			buildSettings = {
				ALWAYS_SEARCH_USER_PATHS = NO;
				CLANG_ANALYZER_NONNULL = YES;
				CLANG_ANALYZER_NUMBER_OBJECT_CONVERSION = YES_AGGRESSIVE;
				CLANG_CXX_LANGUAGE_STANDARD = "gnu++14";
				CLANG_CXX_LIBRARY = "libc++";
				CLANG_ENABLE_MODULES = YES;
				CLANG_ENABLE_OBJC_ARC = YES;
				CLANG_WARN_BLOCK_CAPTURE_AUTORELEASING = YES;
				CLANG_WARN_BOOL_CONVERSION = YES;
				CLANG_WARN_COMMA = YES;
				CLANG_WARN_CONSTANT_CONVERSION = YES;
				CLANG_WARN_DIRECT_OBJC_ISA_USAGE = YES_ERROR;
				CLANG_WARN_DOCUMENTATION_COMMENTS = YES;
				CLANG_WARN_EMPTY_BODY = YES;
				CLANG_WARN_ENUM_CONVERSION = YES;
				CLANG_WARN_INFINITE_RECURSION = YES;
				CLANG_WARN_INT_CONVERSION = YES;
				CLANG_WARN_NON_LITERAL_NULL_CONVERSION = YES;
				CLANG_WARN_OBJC_LITERAL_CONVERSION = YES;
				CLANG_WARN_OBJC_ROOT_CLASS = YES_ERROR;
				CLANG_WARN_RANGE_LOOP_ANALYSIS = YES;
				CLANG_WARN_STRICT_PROTOTYPES = YES;
				CLANG_WARN_SUSPICIOUS_MOVE = YES;
				CLANG_WARN_UNGUARDED_AVAILABILITY = YES_AGGRESSIVE;
				CLANG_WARN_UNREACHABLE_CODE = YES;
				CLANG_WARN__DUPLICATE_METHOD_MATCH = YES;
				CODE_SIGN_IDENTITY = "iPhone Developer";
				COPY_PHASE_STRIP = NO;
				DEBUG_INFORMATION_FORMAT = dwarf;
				ENABLE_STRICT_OBJC_MSGSEND = YES;
				ENABLE_TESTABILITY = YES;
				GCC_C_LANGUAGE_STANDARD = gnu11;
				GCC_DYNAMIC_NO_PIC = NO;
				GCC_NO_COMMON_BLOCKS = YES;
				GCC_OPTIMIZATION_LEVEL = 0;
				GCC_PREPROCESSOR_DEFINITIONS = (
					"DEBUG=1",
					"$(inherited)",
				);
				GCC_WARN_64_TO_32_BIT_CONVERSION = YES;
				GCC_WARN_ABOUT_RETURN_TYPE = YES_ERROR;
				GCC_WARN_UNDECLARED_SELECTOR = YES;
				GCC_WARN_UNINITIALIZED_AUTOS = YES_AGGRESSIVE;
				GCC_WARN_UNUSED_FUNCTION = YES;
				GCC_WARN_UNUSED_VARIABLE = YES;
				IPHONEOS_DEPLOYMENT_TARGET = 11.2;
				MTL_ENABLE_DEBUG_INFO = YES;
				ONLY_ACTIVE_ARCH = YES;
				SDKROOT = iphoneos;
				SWIFT_ACTIVE_COMPILATION_CONDITIONS = DEBUG;
				SWIFT_OPTIMIZATION_LEVEL = "-Onone";
			};
			name = Debug;
		};
		0EE605D11FDC9C5A007E54E0 /* Release */ = {
			isa = XCBuildConfiguration;
			buildSettings = {
				ALWAYS_SEARCH_USER_PATHS = NO;
				CLANG_ANALYZER_NONNULL = YES;
				CLANG_ANALYZER_NUMBER_OBJECT_CONVERSION = YES_AGGRESSIVE;
				CLANG_CXX_LANGUAGE_STANDARD = "gnu++14";
				CLANG_CXX_LIBRARY = "libc++";
				CLANG_ENABLE_MODULES = YES;
				CLANG_ENABLE_OBJC_ARC = YES;
				CLANG_WARN_BLOCK_CAPTURE_AUTORELEASING = YES;
				CLANG_WARN_BOOL_CONVERSION = YES;
				CLANG_WARN_COMMA = YES;
				CLANG_WARN_CONSTANT_CONVERSION = YES;
				CLANG_WARN_DIRECT_OBJC_ISA_USAGE = YES_ERROR;
				CLANG_WARN_DOCUMENTATION_COMMENTS = YES;
				CLANG_WARN_EMPTY_BODY = YES;
				CLANG_WARN_ENUM_CONVERSION = YES;
				CLANG_WARN_INFINITE_RECURSION = YES;
				CLANG_WARN_INT_CONVERSION = YES;
				CLANG_WARN_NON_LITERAL_NULL_CONVERSION = YES;
				CLANG_WARN_OBJC_LITERAL_CONVERSION = YES;
				CLANG_WARN_OBJC_ROOT_CLASS = YES_ERROR;
				CLANG_WARN_RANGE_LOOP_ANALYSIS = YES;
				CLANG_WARN_STRICT_PROTOTYPES = YES;
				CLANG_WARN_SUSPICIOUS_MOVE = YES;
				CLANG_WARN_UNGUARDED_AVAILABILITY = YES_AGGRESSIVE;
				CLANG_WARN_UNREACHABLE_CODE = YES;
				CLANG_WARN__DUPLICATE_METHOD_MATCH = YES;
				CODE_SIGN_IDENTITY = "iPhone Developer";
				COPY_PHASE_STRIP = NO;
				DEBUG_INFORMATION_FORMAT = "dwarf-with-dsym";
				ENABLE_NS_ASSERTIONS = NO;
				ENABLE_STRICT_OBJC_MSGSEND = YES;
				GCC_C_LANGUAGE_STANDARD = gnu11;
				GCC_NO_COMMON_BLOCKS = YES;
				GCC_WARN_64_TO_32_BIT_CONVERSION = YES;
				GCC_WARN_ABOUT_RETURN_TYPE = YES_ERROR;
				GCC_WARN_UNDECLARED_SELECTOR = YES;
				GCC_WARN_UNINITIALIZED_AUTOS = YES_AGGRESSIVE;
				GCC_WARN_UNUSED_FUNCTION = YES;
				GCC_WARN_UNUSED_VARIABLE = YES;
				IPHONEOS_DEPLOYMENT_TARGET = 11.2;
				MTL_ENABLE_DEBUG_INFO = NO;
				SDKROOT = iphoneos;
				SWIFT_OPTIMIZATION_LEVEL = "-Owholemodule";
				VALIDATE_PRODUCT = YES;
			};
			name = Release;
		};
		0EE605D31FDC9C5A007E54E0 /* Debug */ = {
			isa = XCBuildConfiguration;
			buildSettings = {
				ASSETCATALOG_COMPILER_APPICON_NAME = AppIcon;
				CODE_SIGN_STYLE = Automatic;
				DEVELOPMENT_TEAM = BLB2JL8QD7;
				INFOPLIST_FILE = Pokedex/Info.plist;
				IPHONEOS_DEPLOYMENT_TARGET = 11.0;
				LD_RUNPATH_SEARCH_PATHS = "$(inherited) @executable_path/Frameworks";
				PRODUCT_BUNDLE_IDENTIFIER = com.myowntime.Pokedex;
				PRODUCT_NAME = "$(TARGET_NAME)";
				SWIFT_VERSION = 4.0;
				TARGETED_DEVICE_FAMILY = 1;
			};
			name = Debug;
		};
		0EE605D41FDC9C5A007E54E0 /* Release */ = {
			isa = XCBuildConfiguration;
			buildSettings = {
				ASSETCATALOG_COMPILER_APPICON_NAME = AppIcon;
				CODE_SIGN_STYLE = Automatic;
				DEVELOPMENT_TEAM = BLB2JL8QD7;
				INFOPLIST_FILE = Pokedex/Info.plist;
				IPHONEOS_DEPLOYMENT_TARGET = 11.0;
				LD_RUNPATH_SEARCH_PATHS = "$(inherited) @executable_path/Frameworks";
				PRODUCT_BUNDLE_IDENTIFIER = com.myowntime.Pokedex;
				PRODUCT_NAME = "$(TARGET_NAME)";
				SWIFT_VERSION = 4.0;
				TARGETED_DEVICE_FAMILY = 1;
			};
			name = Release;
		};
/* End XCBuildConfiguration section */

/* Begin XCConfigurationList section */
		0EE605BB1FDC9C5A007E54E0 /* Build configuration list for PBXProject "Pokedex" */ = {
			isa = XCConfigurationList;
			buildConfigurations = (
				0EE605D01FDC9C5A007E54E0 /* Debug */,
				0EE605D11FDC9C5A007E54E0 /* Release */,
			);
			defaultConfigurationIsVisible = 0;
			defaultConfigurationName = Release;
		};
		0EE605D21FDC9C5A007E54E0 /* Build configuration list for PBXNativeTarget "Pokedex" */ = {
			isa = XCConfigurationList;
			buildConfigurations = (
				0EE605D31FDC9C5A007E54E0 /* Debug */,
				0EE605D41FDC9C5A007E54E0 /* Release */,
			);
			defaultConfigurationIsVisible = 0;
			defaultConfigurationName = Release;
		};
/* End XCConfigurationList section */
	};
	rootObject = 0EE605B81FDC9C5A007E54E0 /* Project object */;
}
